// !$*UTF8*$!
{
	archiveVersion = 1;
	classes = {
	};
	objectVersion = 77;
	objects = {

/* Begin PBXBuildFile section */
		1A276B1DAB5E29FE3E38E07D /* App.swift in Sources */ = {isa = PBXBuildFile; fileRef = 86F8731AB1A165BE3452C4CC /* App.swift */; };
		798B17ADAB0AE3581C27D61E /* EMApp in Frameworks */ = {isa = PBXBuildFile; productRef = 11569EE34E99AD43B3C0D97A /* EMApp */; };
		AB025AB04D2BC3BBDD202BA0 /* EMApp in Frameworks */ = {isa = PBXBuildFile; productRef = B194D8BBE27ADA044E389D34 /* EMApp */; };
		F3CA930868D6DBC11F64D36A /* App.swift in Sources */ = {isa = PBXBuildFile; fileRef = 86F8731AB1A165BE3452C4CC /* App.swift */; };
/* End PBXBuildFile section */

/* Begin PBXFileReference section */
		0AF2B8FDFC7F43112FF9422F /* EasyMarkdownApp.app */ = {isa = PBXFileReference; explicitFileType = wrapper.application; includeInIndex = 0; path = EasyMarkdownApp.app; sourceTree = BUILT_PRODUCTS_DIR; };
		151DFB846AE8797C37D31F62 /* EasyMarkdownApp.app */ = {isa = PBXFileReference; explicitFileType = wrapper.application; includeInIndex = 0; path = EasyMarkdownApp.app; sourceTree = BUILT_PRODUCTS_DIR; };
		86F8731AB1A165BE3452C4CC /* App.swift */ = {isa = PBXFileReference; lastKnownFileType = sourcecode.swift; path = App.swift; sourceTree = "<group>"; };
		9C84BA28B7A3CC6A43930DF5 /* easy-markdown */ = {isa = PBXFileReference; lastKnownFileType = folder; name = "easy-markdown"; path = .; sourceTree = SOURCE_ROOT; };
/* End PBXFileReference section */

/* Begin PBXFrameworksBuildPhase section */
		35C009ADB33EBB370F75AE90 /* Frameworks */ = {
			isa = PBXFrameworksBuildPhase;
			buildActionMask = 2147483647;
			files = (
				AB025AB04D2BC3BBDD202BA0 /* EMApp in Frameworks */,
			);
			runOnlyForDeploymentPostprocessing = 0;
		};
		E01FC57D815B63014BD05C29 /* Frameworks */ = {
			isa = PBXFrameworksBuildPhase;
			buildActionMask = 2147483647;
			files = (
				798B17ADAB0AE3581C27D61E /* EMApp in Frameworks */,
			);
			runOnlyForDeploymentPostprocessing = 0;
		};
/* End PBXFrameworksBuildPhase section */

/* Begin PBXGroup section */
		81CAAAD05CFF5A426CEABD0E = {
			isa = PBXGroup;
			children = (
				B4E2B1AA75EB829DD65C59BF /* EasyMarkdownApp */,
				F8F8DF3ADDCECE805E21CA88 /* Packages */,
				FF1FAE9C562A91B7341C4847 /* Products */,
			);
			sourceTree = "<group>";
		};
		B4E2B1AA75EB829DD65C59BF /* EasyMarkdownApp */ = {
			isa = PBXGroup;
			children = (
				86F8731AB1A165BE3452C4CC /* App.swift */,
			);
			name = EasyMarkdownApp;
			path = Sources/EasyMarkdownApp;
			sourceTree = "<group>";
		};
		F8F8DF3ADDCECE805E21CA88 /* Packages */ = {
			isa = PBXGroup;
			children = (
				9C84BA28B7A3CC6A43930DF5 /* easy-markdown */,
			);
			name = Packages;
			sourceTree = "<group>";
		};
		FF1FAE9C562A91B7341C4847 /* Products */ = {
			isa = PBXGroup;
			children = (
				0AF2B8FDFC7F43112FF9422F /* EasyMarkdownApp.app */,
				151DFB846AE8797C37D31F62 /* EasyMarkdownApp.app */,
			);
			name = Products;
			sourceTree = "<group>";
		};
/* End PBXGroup section */

/* Begin PBXNativeTarget section */
		4B98A5C4A608FC6A39B02F8C /* EasyMarkdownApp_macOS */ = {
			isa = PBXNativeTarget;
			buildConfigurationList = 145DB04CCC5927E6D994334B /* Build configuration list for PBXNativeTarget "EasyMarkdownApp_macOS" */;
			buildPhases = (
				392C61541D74C4EB09224FDD /* Sources */,
				35C009ADB33EBB370F75AE90 /* Frameworks */,
			);
			buildRules = (
			);
			dependencies = (
			);
			name = EasyMarkdownApp_macOS;
			packageProductDependencies = (
				B194D8BBE27ADA044E389D34 /* EMApp */,
			);
			productName = EasyMarkdownApp_macOS;
			productReference = 151DFB846AE8797C37D31F62 /* EasyMarkdownApp.app */;
			productType = "com.apple.product-type.application";
		};
		EEE5994FABB3658857B1C5F4 /* EasyMarkdownApp_iOS */ = {
			isa = PBXNativeTarget;
			buildConfigurationList = BB8031BB9FE56355EE2C1366 /* Build configuration list for PBXNativeTarget "EasyMarkdownApp_iOS" */;
			buildPhases = (
				DFAE7A12833E13C7FCC83AAF /* Sources */,
				E01FC57D815B63014BD05C29 /* Frameworks */,
			);
			buildRules = (
			);
			dependencies = (
			);
			name = EasyMarkdownApp_iOS;
			packageProductDependencies = (
				11569EE34E99AD43B3C0D97A /* EMApp */,
			);
			productName = EasyMarkdownApp_iOS;
			productReference = 0AF2B8FDFC7F43112FF9422F /* EasyMarkdownApp.app */;
			productType = "com.apple.product-type.application";
		};
/* End PBXNativeTarget section */

/* Begin PBXProject section */
		DE49DD3B1F0165A07F95CACA /* Project object */ = {
			isa = PBXProject;
			attributes = {
				BuildIndependentTargetsInParallel = YES;
				LastUpgradeCheck = 2630;
				TargetAttributes = {
					4B98A5C4A608FC6A39B02F8C = {
						ProvisioningStyle = Automatic;
					};
					EEE5994FABB3658857B1C5F4 = {
						ProvisioningStyle = Automatic;
					};
				};
			};
			buildConfigurationList = A0FE9F6152518009455CE221 /* Build configuration list for PBXProject "EasyMarkdown" */;
			developmentRegion = en;
			hasScannedForEncodings = 0;
			knownRegions = (
				Base,
				en,
			);
			mainGroup = 81CAAAD05CFF5A426CEABD0E;
			minimizedProjectReferenceProxies = 1;
			packageReferences = (
				E636E8A10E756C053B024761 /* XCLocalSwiftPackageReference "." */,
			);
			preferredProjectObjectVersion = 77;
			productRefGroup = FF1FAE9C562A91B7341C4847 /* Products */;
			projectDirPath = "";
			projectRoot = "";
			targets = (
				EEE5994FABB3658857B1C5F4 /* EasyMarkdownApp_iOS */,
				4B98A5C4A608FC6A39B02F8C /* EasyMarkdownApp_macOS */,
			);
		};
/* End PBXProject section */

/* Begin PBXSourcesBuildPhase section */
		392C61541D74C4EB09224FDD /* Sources */ = {
			isa = PBXSourcesBuildPhase;
			buildActionMask = 2147483647;
			files = (
				F3CA930868D6DBC11F64D36A /* App.swift in Sources */,
			);
			runOnlyForDeploymentPostprocessing = 0;
		};
		DFAE7A12833E13C7FCC83AAF /* Sources */ = {
			isa = PBXSourcesBuildPhase;
			buildActionMask = 2147483647;
			files = (
				1A276B1DAB5E29FE3E38E07D /* App.swift in Sources */,
			);
			runOnlyForDeploymentPostprocessing = 0;
		};
/* End PBXSourcesBuildPhase section */

/* Begin XCBuildConfiguration section */
		1660C22A4235210BEC7A2937 /* Debug */ = {
			isa = XCBuildConfiguration;
			buildSettings = {
				ASSETCATALOG_COMPILER_APPICON_NAME = AppIcon;
				CODE_SIGN_STYLE = Automatic;
				COMBINE_HIDPI_IMAGES = YES;
				CURRENT_PROJECT_VERSION = 1;
				DEAD_CODE_STRIPPING = YES;
				GENERATE_INFOPLIST_FILE = YES;
				INFOPLIST_KEY_UILaunchScreen_Generation = YES;
				INFOPLIST_KEY_UISupportedInterfaceOrientations_iPad = "UIInterfaceOrientationPortrait UIInterfaceOrientationPortraitUpsideDown UIInterfaceOrientationLandscapeLeft UIInterfaceOrientationLandscapeRight";
				LD_RUNPATH_SEARCH_PATHS = (
					"$(inherited)",
					"@executable_path/../Frameworks",
				);
				MARKETING_VERSION = 1.0;
				PRODUCT_BUNDLE_IDENTIFIER = com.easymarkdown.app;
				PRODUCT_NAME = EasyMarkdownApp;
				SDKROOT = macosx;
				SWIFT_VERSION = 5.9;
			};
			name = Debug;
		};
		4CFC1394C6D4DD6B439DBD54 /* Release */ = {
			isa = XCBuildConfiguration;
			buildSettings = {
				ASSETCATALOG_COMPILER_APPICON_NAME = AppIcoAppn;
				ASSETCATALOG_COMPILER_INCLUDE_ALL_APPICON_ASSETS = NO;
				CODE_SIGN_IDENTITY = "iPhone Developer";
				CODE_SIGN_STYLE = Automatic;
				CURRENT_PROJECT_VERSION = 1;
				DEVELOPMENT_TEAM = AUB3FYQX85;
				GENERATE_INFOPLIST_FILE = YES;
				INFOPLIST_KEY_CFBundleDisplayName = "Easy Markdown";
				INFOPLIST_KEY_LSApplicationCategoryType = "public.app-category.productivity";
				INFOPLIST_KEY_UILaunchScreen_Generation = YES;
				INFOPLIST_KEY_UISupportedInterfaceOrientations_iPad = "UIInterfaceOrientationPortrait UIInterfaceOrientationPortraitUpsideDown UIInterfaceOrientationLandscapeLeft UIInterfaceOrientationLandscapeRight";
				IPHONEOS_DEPLOYMENT_TARGET = 26.0;
				LD_RUNPATH_SEARCH_PATHS = (
					"$(inherited)",
					"@executable_path/Frameworks",
				);
				MARKETING_VERSION = 0.1;
				PRODUCT_BUNDLE_IDENTIFIER = com.easymarkdown.app;
				PRODUCT_NAME = EasyMarkdownApp;
				SDKROOT = iphoneos;
				SWIFT_VERSION = 5.9;
				TARGETED_DEVICE_FAMILY = "1,2";
			};
			name = Release;
		};
		5344B2E9068B80489FF5D352 /* Release */ = {
			isa = XCBuildConfiguration;
			buildSettings = {
				ASSETCATALOG_COMPILER_APPICON_NAME = AppIcon;
				CODE_SIGN_STYLE = Automatic;
				COMBINE_HIDPI_IMAGES = YES;
				CURRENT_PROJECT_VERSION = 1;
				DEAD_CODE_STRIPPING = YES;
				GENERATE_INFOPLIST_FILE = YES;
				INFOPLIST_KEY_UILaunchScreen_Generation = YES;
				INFOPLIST_KEY_UISupportedInterfaceOrientations_iPad = "UIInterfaceOrientationPortrait UIInterfaceOrientationPortraitUpsideDown UIInterfaceOrientationLandscapeLeft UIInterfaceOrientationLandscapeRight";
				LD_RUNPATH_SEARCH_PATHS = (
					"$(inherited)",
					"@executable_path/../Frameworks",
				);
				MARKETING_VERSION = 1.0;
				PRODUCT_BUNDLE_IDENTIFIER = com.easymarkdown.app;
				PRODUCT_NAME = EasyMarkdownApp;
				SDKROOT = macosx;
				SWIFT_VERSION = 5.9;
			};
			name = Release;
		};
		794E1129A732CB3104BAF27E /* Debug */ = {
			isa = XCBuildConfiguration;
			buildSettings = {
				ASSETCATALOG_COMPILER_APPICON_NAME = AppIcoAppn;
				ASSETCATALOG_COMPILER_INCLUDE_ALL_APPICON_ASSETS = NO;
				CODE_SIGN_IDENTITY = "iPhone Developer";
				CODE_SIGN_STYLE = Automatic;
				CURRENT_PROJECT_VERSION = 1;
				DEVELOPMENT_TEAM = AUB3FYQX85;
				GENERATE_INFOPLIST_FILE = YES;
				INFOPLIST_KEY_CFBundleDisplayName = "Easy Markdown";
				INFOPLIST_KEY_LSApplicationCategoryType = "public.app-category.productivity";
				INFOPLIST_KEY_UILaunchScreen_Generation = YES;
				INFOPLIST_KEY_UISupportedInterfaceOrientations_iPad = "UIInterfaceOrientationPortrait UIInterfaceOrientationPortraitUpsideDown UIInterfaceOrientationLandscapeLeft UIInterfaceOrientationLandscapeRight";
				IPHONEOS_DEPLOYMENT_TARGET = 26.0;
				LD_RUNPATH_SEARCH_PATHS = (
					"$(inherited)",
					"@executable_path/Frameworks",
				);
				MARKETING_VERSION = 0.1;
				PRODUCT_BUNDLE_IDENTIFIER = com.easymarkdown.app;
				PRODUCT_NAME = EasyMarkdownApp;
				SDKROOT = iphoneos;
				SWIFT_VERSION = 5.9;
				TARGETED_DEVICE_FAMILY = "1,2";
			};
			name = Debug;
		};
		7E6CB5ED3F455662C3A20B52 /* Debug */ = {
			isa = XCBuildConfiguration;
			buildSettings = {
				ALWAYS_SEARCH_USER_PATHS = NO;
				CLANG_ANALYZER_NONNULL = YES;
				CLANG_ANALYZER_NUMBER_OBJECT_CONVERSION = YES_AGGRESSIVE;
				CLANG_CXX_LANGUAGE_STANDARD = "gnu++14";
				CLANG_CXX_LIBRARY = "libc++";
				CLANG_ENABLE_MODULES = YES;
				CLANG_ENABLE_OBJC_ARC = YES;
				CLANG_ENABLE_OBJC_WEAK = YES;
				CLANG_WARN_BLOCK_CAPTURE_AUTORELEASING = YES;
				CLANG_WARN_BOOL_CONVERSION = YES;
				CLANG_WARN_COMMA = YES;
				CLANG_WARN_CONSTANT_CONVERSION = YES;
				CLANG_WARN_DEPRECATED_OBJC_IMPLEMENTATIONS = YES;
				CLANG_WARN_DIRECT_OBJC_ISA_USAGE = YES_ERROR;
				CLANG_WARN_DOCUMENTATION_COMMENTS = YES;
				CLANG_WARN_EMPTY_BODY = YES;
				CLANG_WARN_ENUM_CONVERSION = YES;
				CLANG_WARN_INFINITE_RECURSION = YES;
				CLANG_WARN_INT_CONVERSION = YES;
				CLANG_WARN_NON_LITERAL_NULL_CONVERSION = YES;
				CLANG_WARN_OBJC_IMPLICIT_RETAIN_SELF = YES;
				CLANG_WARN_OBJC_LITERAL_CONVERSION = YES;
				CLANG_WARN_OBJC_ROOT_CLASS = YES_ERROR;
				CLANG_WARN_QUOTED_INCLUDE_IN_FRAMEWORK_HEADER = YES;
				CLANG_WARN_RANGE_LOOP_ANALYSIS = YES;
				CLANG_WARN_STRICT_PROTOTYPES = YES;
				CLANG_WARN_SUSPICIOUS_MOVE = YES;
				CLANG_WARN_UNGUARDED_AVAILABILITY = YES_AGGRESSIVE;
				CLANG_WARN_UNREACHABLE_CODE = YES;
				CLANG_WARN__DUPLICATE_METHOD_MATCH = YES;
				COPY_PHASE_STRIP = NO;
				DEAD_CODE_STRIPPING = YES;
				DEBUG_INFORMATION_FORMAT = dwarf;
				ENABLE_STRICT_OBJC_MSGSEND = YES;
				ENABLE_TESTABILITY = YES;
				ENABLE_USER_SCRIPT_SANDBOXING = YES;
				GCC_C_LANGUAGE_STANDARD = gnu11;
				GCC_DYNAMIC_NO_PIC = NO;
				GCC_NO_COMMON_BLOCKS = YES;
				GCC_OPTIMIZATION_LEVEL = 0;
				GCC_PREPROCESSOR_DEFINITIONS = (
					"$(inherited)",
					"DEBUG=1",
				);
				GCC_WARN_64_TO_32_BIT_CONVERSION = YES;
				GCC_WARN_ABOUT_RETURN_TYPE = YES_ERROR;
				GCC_WARN_UNDECLARED_SELECTOR = YES;
				GCC_WARN_UNINITIALIZED_AUTOS = YES_AGGRESSIVE;
				GCC_WARN_UNUSED_FUNCTION = YES;
				GCC_WARN_UNUSED_VARIABLE = YES;
				IPHONEOS_DEPLOYMENT_TARGET = 17.0;
				MACOSX_DEPLOYMENT_TARGET = 14.0;
				MTL_ENABLE_DEBUG_INFO = INCLUDE_SOURCE;
				MTL_FAST_MATH = YES;
				ONLY_ACTIVE_ARCH = YES;
				PRODUCT_NAME = "$(TARGET_NAME)";
				STRING_CATALOG_GENERATE_SYMBOLS = YES;
				SWIFT_ACTIVE_COMPILATION_CONDITIONS = DEBUG;
				SWIFT_OPTIMIZATION_LEVEL = "-Onone";
				SWIFT_VERSION = 5.0;
			};
			name = Debug;
		};
		A2412A760E8FC52C6549FB9C /* Release */ = {
			isa = XCBuildConfiguration;
			buildSettings = {
				ALWAYS_SEARCH_USER_PATHS = NO;
				CLANG_ANALYZER_NONNULL = YES;
				CLANG_ANALYZER_NUMBER_OBJECT_CONVERSION = YES_AGGRESSIVE;
				CLANG_CXX_LANGUAGE_STANDARD = "gnu++14";
				CLANG_CXX_LIBRARY = "libc++";
				CLANG_ENABLE_MODULES = YES;
				CLANG_ENABLE_OBJC_ARC = YES;
				CLANG_ENABLE_OBJC_WEAK = YES;
				CLANG_WARN_BLOCK_CAPTURE_AUTORELEASING = YES;
				CLANG_WARN_BOOL_CONVERSION = YES;
				CLANG_WARN_COMMA = YES;
				CLANG_WARN_CONSTANT_CONVERSION = YES;
				CLANG_WARN_DEPRECATED_OBJC_IMPLEMENTATIONS = YES;
				CLANG_WARN_DIRECT_OBJC_ISA_USAGE = YES_ERROR;
				CLANG_WARN_DOCUMENTATION_COMMENTS = YES;
				CLANG_WARN_EMPTY_BODY = YES;
				CLANG_WARN_ENUM_CONVERSION = YES;
				CLANG_WARN_INFINITE_RECURSION = YES;
				CLANG_WARN_INT_CONVERSION = YES;
				CLANG_WARN_NON_LITERAL_NULL_CONVERSION = YES;
				CLANG_WARN_OBJC_IMPLICIT_RETAIN_SELF = YES;
				CLANG_WARN_OBJC_LITERAL_CONVERSION = YES;
				CLANG_WARN_OBJC_ROOT_CLASS = YES_ERROR;
				CLANG_WARN_QUOTED_INCLUDE_IN_FRAMEWORK_HEADER = YES;
				CLANG_WARN_RANGE_LOOP_ANALYSIS = YES;
				CLANG_WARN_STRICT_PROTOTYPES = YES;
				CLANG_WARN_SUSPICIOUS_MOVE = YES;
				CLANG_WARN_UNGUARDED_AVAILABILITY = YES_AGGRESSIVE;
				CLANG_WARN_UNREACHABLE_CODE = YES;
				CLANG_WARN__DUPLICATE_METHOD_MATCH = YES;
				COPY_PHASE_STRIP = NO;
				DEAD_CODE_STRIPPING = YES;
				DEBUG_INFORMATION_FORMAT = "dwarf-with-dsym";
				ENABLE_NS_ASSERTIONS = NO;
				ENABLE_STRICT_OBJC_MSGSEND = YES;
				ENABLE_USER_SCRIPT_SANDBOXING = YES;
				GCC_C_LANGUAGE_STANDARD = gnu11;
				GCC_NO_COMMON_BLOCKS = YES;
				GCC_WARN_64_TO_32_BIT_CONVERSION = YES;
				GCC_WARN_ABOUT_RETURN_TYPE = YES_ERROR;
				GCC_WARN_UNDECLARED_SELECTOR = YES;
				GCC_WARN_UNINITIALIZED_AUTOS = YES_AGGRESSIVE;
				GCC_WARN_UNUSED_FUNCTION = YES;
				GCC_WARN_UNUSED_VARIABLE = YES;
				IPHONEOS_DEPLOYMENT_TARGET = 17.0;
				MACOSX_DEPLOYMENT_TARGET = 14.0;
				MTL_ENABLE_DEBUG_INFO = NO;
				MTL_FAST_MATH = YES;
				PRODUCT_NAME = "$(TARGET_NAME)";
				STRING_CATALOG_GENERATE_SYMBOLS = YES;
				SWIFT_COMPILATION_MODE = wholemodule;
				SWIFT_OPTIMIZATION_LEVEL = "-O";
				SWIFT_VERSION = 5.0;
			};
			name = Release;
		};
/* End XCBuildConfiguration section */

/* Begin XCConfigurationList section */
		145DB04CCC5927E6D994334B /* Build configuration list for PBXNativeTarget "EasyMarkdownApp_macOS" */ = {
			isa = XCConfigurationList;
			buildConfigurations = (
				1660C22A4235210BEC7A2937 /* Debug */,
				5344B2E9068B80489FF5D352 /* Release */,
			);
			defaultConfigurationIsVisible = 0;
			defaultConfigurationName = Debug;
		};
		A0FE9F6152518009455CE221 /* Build configuration list for PBXProject "EasyMarkdown" */ = {
			isa = XCConfigurationList;
			buildConfigurations = (
				7E6CB5ED3F455662C3A20B52 /* Debug */,
				A2412A760E8FC52C6549FB9C /* Release */,
			);
			defaultConfigurationIsVisible = 0;
			defaultConfigurationName = Debug;
		};
		BB8031BB9FE56355EE2C1366 /* Build configuration list for PBXNativeTarget "EasyMarkdownApp_iOS" */ = {
			isa = XCConfigurationList;
			buildConfigurations = (
				794E1129A732CB3104BAF27E /* Debug */,
				4CFC1394C6D4DD6B439DBD54 /* Release */,
			);
			defaultConfigurationIsVisible = 0;
			defaultConfigurationName = Debug;
		};
/* End XCConfigurationList section */

/* Begin XCLocalSwiftPackageReference section */
		E636E8A10E756C053B024761 /* XCLocalSwiftPackageReference "." */ = {
			isa = XCLocalSwiftPackageReference;
			relativePath = .;
		};
/* End XCLocalSwiftPackageReference section */

/* Begin XCSwiftPackageProductDependency section */
		11569EE34E99AD43B3C0D97A /* EMApp */ = {
			isa = XCSwiftPackageProductDependency;
			productName = EMApp;
		};
		B194D8BBE27ADA044E389D34 /* EMApp */ = {
			isa = XCSwiftPackageProductDependency;
			productName = EMApp;
		};
/* End XCSwiftPackageProductDependency section */
	};
	rootObject = DE49DD3B1F0165A07F95CACA /* Project object */;
}
